
Microsoft Visual Studio Solution File, Format Version 12.00
# Visual Studio Version 17
VisualStudioVersion = 17.6.33723.286
MinimumVisualStudioVersion = 10.0.40219.1
Project("{FAE04EC0-301F-11D3-BF4B-00C04F79EFBC}") = "ApplicationLayer", "Web Application\ApplicationLayer.csproj", "{B9C51AA5-8554-4C16-9168-60BCF92889F3}"
EndProject
Project("{FAE04EC0-301F-11D3-BF4B-00C04F79EFBC}") = "BAL", "BAL\BAL.csproj", "{0FE2CBAC-D93C-486F-8C87-8F9D90689CD2}"
EndProject
Project("{FAE04EC0-301F-11D3-BF4B-00C04F79EFBC}") = "DAL", "DAL\DAL.csproj", "{F394506E-C7CF-411B-8C45-376D1F2787B1}"
EndProject
Project("{FAE04EC0-301F-11D3-BF4B-00C04F79EFBC}") = "BusinessModel", "BusinessModel\BusinessModel.csproj", "{E3F28680-B872-4979-A0B9-B06476C9F0C1}"
EndProject
Global
	GlobalSection(SolutionConfigurationPlatforms) = preSolution
		Debug|Any CPU = Debug|Any CPU
		Release|Any CPU = Release|Any CPU
	EndGlobalSection
	GlobalSection(ProjectConfigurationPlatforms) = postSolution
		{B9C51AA5-8554-4C16-9168-60BCF92889F3}.Debug|Any CPU.ActiveCfg = Debug|Any CPU
		{B9C51AA5-8554-4C16-9168-60BCF92889F3}.Debug|Any CPU.Build.0 = Debug|Any CPU
		{B9C51AA5-8554-4C16-9168-60BCF92889F3}.Release|Any CPU.ActiveCfg = Release|Any CPU
		{B9C51AA5-8554-4C16-9168-60BCF92889F3}.Release|Any CPU.Build.0 = Release|Any CPU
		{0FE2CBAC-D93C-486F-8C87-8F9D90689CD2}.Debug|Any CPU.ActiveCfg = Debug|Any CPU
		{0FE2CBAC-D93C-486F-8C87-8F9D90689CD2}.Debug|Any CPU.Build.0 = Debug|Any CPU
		{0FE2CBAC-D93C-486F-8C87-8F9D90689CD2}.Release|Any CPU.ActiveCfg = Release|Any CPU
		{0FE2CBAC-D93C-486F-8C87-8F9D90689CD2}.Release|Any CPU.Build.0 = Release|Any CPU
		{F394506E-C7CF-411B-8C45-376D1F2787B1}.Debug|Any CPU.ActiveCfg = Debug|Any CPU
		{F394506E-C7CF-411B-8C45-376D1F2787B1}.Debug|Any CPU.Build.0 = Debug|Any CPU
		{F394506E-C7CF-411B-8C45-376D1F2787B1}.Release|Any CPU.ActiveCfg = Release|Any CPU
		{F394506E-C7CF-411B-8C45-376D1F2787B1}.Release|Any CPU.Build.0 = Release|Any CPU
		{E3F28680-B872-4979-A0B9-B06476C9F0C1}.Debug|Any CPU.ActiveCfg = Debug|Any CPU
		{E3F28680-B872-4979-A0B9-B06476C9F0C1}.Debug|Any CPU.Build.0 = Debug|Any CPU
		{E3F28680-B872-4979-A0B9-B06476C9F0C1}.Release|Any CPU.ActiveCfg = Release|Any CPU
		{E3F28680-B872-4979-A0B9-B06476C9F0C1}.Release|Any CPU.Build.0 = Release|Any CPU
	EndGlobalSection
	GlobalSection(SolutionProperties) = preSolution
		HideSolutionNode = FALSE
	EndGlobalSection
	GlobalSection(ExtensibilityGlobals) = postSolution
		SolutionGuid = {6F51798B-B6B2-4A40-93F9-603377EAFF21}
	EndGlobalSection
EndGlobal
