
Microsoft Visual Studio Solution File, Format Version 12.00
# Visual Studio Version 17
VisualStudioVersion = 17.6.33712.159
MinimumVisualStudioVersion = 10.0.40219.1
Project("{FAE04EC0-301F-11D3-BF4B-00C04F79EFBC}") = "Q3 Adding Two Binaries", "Assignment1-3\Q3 Adding Two Binaries.csproj", "{D875920F-036B-480A-A7E0-D782C5502594}"
EndProject
Global
	GlobalSection(SolutionConfigurationPlatforms) = preSolution
		Debug|Any CPU = Debug|Any CPU
		Release|Any CPU = Release|Any CPU
	EndGlobalSection
	GlobalSection(ProjectConfigurationPlatforms) = postSolution
		{D875920F-036B-480A-A7E0-D782C5502594}.Debug|Any CPU.ActiveCfg = Debug|Any CPU
		{D875920F-036B-480A-A7E0-D782C5502594}.Debug|Any CPU.Build.0 = Debug|Any CPU
		{D875920F-036B-480A-A7E0-D782C5502594}.Release|Any CPU.ActiveCfg = Release|Any CPU
		{D875920F-036B-480A-A7E0-D782C5502594}.Release|Any CPU.Build.0 = Release|Any CPU
	EndGlobalSection
	GlobalSection(SolutionProperties) = preSolution
		HideSolutionNode = FALSE
	EndGlobalSection
	GlobalSection(ExtensibilityGlobals) = postSolution
		SolutionGuid = {8064D52B-9772-4FA6-81B2-D5163E97A616}
	EndGlobalSection
EndGlobal
