
Microsoft Visual Studio Solution File, Format Version 12.00
# Visual Studio Version 17
VisualStudioVersion = 17.5.33627.172
MinimumVisualStudioVersion = 10.0.40219.1
Project("{FAE04EC0-301F-11D3-BF4B-00C04F79EFBC}") = "Assignment1-2", "Assignment1-2\Assignment1-2.csproj", "{EDBCC263-0ECF-4C5E-96DA-CEFB9C719632}"
EndProject
Global
	GlobalSection(SolutionConfigurationPlatforms) = preSolution
		Debug|Any CPU = Debug|Any CPU
		Release|Any CPU = Release|Any CPU
	EndGlobalSection
	GlobalSection(ProjectConfigurationPlatforms) = postSolution
		{EDBCC263-0ECF-4C5E-96DA-CEFB9C719632}.Debug|Any CPU.ActiveCfg = Debug|Any CPU
		{EDBCC263-0ECF-4C5E-96DA-CEFB9C719632}.Debug|Any CPU.Build.0 = Debug|Any CPU
		{EDBCC263-0ECF-4C5E-96DA-CEFB9C719632}.Release|Any CPU.ActiveCfg = Release|Any CPU
		{EDBCC263-0ECF-4C5E-96DA-CEFB9C719632}.Release|Any CPU.Build.0 = Release|Any CPU
	EndGlobalSection
	GlobalSection(SolutionProperties) = preSolution
		HideSolutionNode = FALSE
	EndGlobalSection
	GlobalSection(ExtensibilityGlobals) = postSolution
		SolutionGuid = {A0E82372-3A85-4239-806A-E3E1B4425EE1}
	EndGlobalSection
EndGlobal
